
Microsoft Visual Studio Solution File, Format Version 12.00
# Visual Studio Version 17
VisualStudioVersion = 17.6.33829.357
MinimumVisualStudioVersion = 10.0.40219.1
Project("{FAE04EC0-301F-11D3-BF4B-00C04F79EFBC}") = "CSharp-StarWarsPlanetsStats-API", "CSharp-StarWarsPlanetsStats-API\CSharp-StarWarsPlanetsStats-API.csproj", "{B300FC88-2979-4D79-8F24-CBA18C36811C}"
EndProject
Global
	GlobalSection(SolutionConfigurationPlatforms) = preSolution
		Debug|Any CPU = Debug|Any CPU
		Release|Any CPU = Release|Any CPU
	EndGlobalSection
	GlobalSection(ProjectConfigurationPlatforms) = postSolution
		{B300FC88-2979-4D79-8F24-CBA18C36811C}.Debug|Any CPU.ActiveCfg = Debug|Any CPU
		{B300FC88-2979-4D79-8F24-CBA18C36811C}.Debug|Any CPU.Build.0 = Debug|Any CPU
		{B300FC88-2979-4D79-8F24-CBA18C36811C}.Release|Any CPU.ActiveCfg = Release|Any CPU
		{B300FC88-2979-4D79-8F24-CBA18C36811C}.Release|Any CPU.Build.0 = Release|Any CPU
	EndGlobalSection
	GlobalSection(SolutionProperties) = preSolution
		HideSolutionNode = FALSE
	EndGlobalSection
	GlobalSection(ExtensibilityGlobals) = postSolution
		SolutionGuid = {13723267-8F62-4583-A58A-F0583133AB78}
	EndGlobalSection
EndGlobal
